{
  "requires": true,
  "lockfileVersion": 1,
  "dependencies": {
    "cordova-plugin-console": {
      "version": "1.0.7",
      "resolved": "https://registry.npmjs.org/cordova-plugin-console/-/cordova-plugin-console-1.0.7.tgz",
      "integrity": "sha1-ibepLtHDNYiN/ADZAtxBcgHPOws="
    },
    "cordova-plugin-filepickerio": {
      "version": "git+https://github.com/dbaq/cordova-plugin-filepickerio.git#53b234f5bcda87fc3b9fd15094c305c0503fa393"
    }
  }
}
